schema: '2.0'
stages:
  raw_dataset_creation:
    cmd: python src/data/load_data.py --config=params.yaml
    deps:
    - path: data/external/train.csv
      hash: md5
      md5: 9086d6d717829455604601b2dfa09ee4
      size: 3508307
    - path: src/data/load_data.py
      hash: md5
      md5: 1c315c7351a087e8691b92ad4f0928da
      size: 2477
    outs:
    - path: data/raw/train.csv
      hash: md5
      md5: 9086d6d717829455604601b2dfa09ee4
      size: 3508307
  split_data:
    cmd: python src/data/split_data.py --config=params.yaml
    deps:
    - path: data/raw/train.csv
      hash: md5
      md5: 9086d6d717829455604601b2dfa09ee4
      size: 3508307
    - path: src/data/split_data.py
      hash: md5
      md5: 6a7327a2a33a38fd2e1e877995e50971
      size: 1883
    outs:
    - path: data/processed/churn_test.csv
      hash: md5
      md5: 8b17454f5a6c4ee173336219f4725db4
      size: 1052525
    - path: data/processed/churn_train.csv
      hash: md5
      md5: ce87bc67ba944c053ece2b65c983e715
      size: 2455992
